
Microsoft Visual Studio Solution File, Format Version 12.00
# Visual Studio 15
VisualStudioVersion = 15.0.28307.271
MinimumVisualStudioVersion = 10.0.40219.1
Project("{888888A0-9F3D-457C-B088-3A5042F75D52}") = "OpenSpaceBlendFileGenerator", "OpenSpaceBlendFileGenerator.pyproj", "{43494CF2-0EAC-4049-8C41-D7C2BCD4A8DF}"
EndProject
Global
	GlobalSection(SolutionConfigurationPlatforms) = preSolution
		Debug|Any CPU = Debug|Any CPU
		Release|Any CPU = Release|Any CPU
	EndGlobalSection
	GlobalSection(ProjectConfigurationPlatforms) = postSolution
		{43494CF2-0EAC-4049-8C41-D7C2BCD4A8DF}.Debug|Any CPU.ActiveCfg = Debug|Any CPU
		{43494CF2-0EAC-4049-8C41-D7C2BCD4A8DF}.Release|Any CPU.ActiveCfg = Release|Any CPU
	EndGlobalSection
	GlobalSection(SolutionProperties) = preSolution
		HideSolutionNode = FALSE
	EndGlobalSection
	GlobalSection(ExtensibilityGlobals) = postSolution
		SolutionGuid = {C5E3AFFB-70B7-40EF-97E4-A10B54B6220E}
	EndGlobalSection
EndGlobal
